
Microsoft Visual Studio Solution File, Format Version 12.00
# Visual Studio Version 16
VisualStudioVersion = 16.0.30225.117
MinimumVisualStudioVersion = 10.0.40219.1
Project("{FAE04EC0-301F-11D3-BF4B-00C04F79EFBC}") = "WebStore", "WebStore\WebStore.csproj", "{94720C7B-4C43-4D7A-8AD8-76FC7F514AAD}"
EndProject
Global
	GlobalSection(SolutionConfigurationPlatforms) = preSolution
		Debug|Any CPU = Debug|Any CPU
		Release|Any CPU = Release|Any CPU
	EndGlobalSection
	GlobalSection(ProjectConfigurationPlatforms) = postSolution
		{94720C7B-4C43-4D7A-8AD8-76FC7F514AAD}.Debug|Any CPU.ActiveCfg = Debug|Any CPU
		{94720C7B-4C43-4D7A-8AD8-76FC7F514AAD}.Debug|Any CPU.Build.0 = Debug|Any CPU
		{94720C7B-4C43-4D7A-8AD8-76FC7F514AAD}.Release|Any CPU.ActiveCfg = Release|Any CPU
		{94720C7B-4C43-4D7A-8AD8-76FC7F514AAD}.Release|Any CPU.Build.0 = Release|Any CPU
	EndGlobalSection
	GlobalSection(SolutionProperties) = preSolution
		HideSolutionNode = FALSE
	EndGlobalSection
	GlobalSection(ExtensibilityGlobals) = postSolution
		SolutionGuid = {8F08C46C-C5E0-4B3E-A49A-B597BA63DC87}
	EndGlobalSection
EndGlobal
